
Microsoft Visual Studio Solution File, Format Version 12.00
# Visual Studio Version 16
VisualStudioVersion = 16.0.29709.97
MinimumVisualStudioVersion = 10.0.40219.1
Project("{9A19103F-16F7-4668-BE54-9A1E7A4F7556}") = "Service", "Service\Service.csproj", "{3899EF7C-6616-4068-BC75-A5344E83F06D}"
EndProject
Project("{F2A71F9B-5D33-465A-A702-920D77279786}") = "APIGatway", "APIGatway\APIGatway.fsproj", "{0B2227A9-FE8F-4F24-A111-6D06B379A827}"
EndProject
Global
	GlobalSection(SolutionConfigurationPlatforms) = preSolution
		Debug|Any CPU = Debug|Any CPU
		Release|Any CPU = Release|Any CPU
	EndGlobalSection
	GlobalSection(ProjectConfigurationPlatforms) = postSolution
		{3899EF7C-6616-4068-BC75-A5344E83F06D}.Debug|Any CPU.ActiveCfg = Debug|Any CPU
		{3899EF7C-6616-4068-BC75-A5344E83F06D}.Debug|Any CPU.Build.0 = Debug|Any CPU
		{3899EF7C-6616-4068-BC75-A5344E83F06D}.Release|Any CPU.ActiveCfg = Release|Any CPU
		{3899EF7C-6616-4068-BC75-A5344E83F06D}.Release|Any CPU.Build.0 = Release|Any CPU
		{0B2227A9-FE8F-4F24-A111-6D06B379A827}.Debug|Any CPU.ActiveCfg = Debug|Any CPU
		{0B2227A9-FE8F-4F24-A111-6D06B379A827}.Debug|Any CPU.Build.0 = Debug|Any CPU
		{0B2227A9-FE8F-4F24-A111-6D06B379A827}.Release|Any CPU.ActiveCfg = Release|Any CPU
		{0B2227A9-FE8F-4F24-A111-6D06B379A827}.Release|Any CPU.Build.0 = Release|Any CPU
	EndGlobalSection
	GlobalSection(SolutionProperties) = preSolution
		HideSolutionNode = FALSE
	EndGlobalSection
	GlobalSection(ExtensibilityGlobals) = postSolution
		SolutionGuid = {FB2D1026-99E2-457A-83CE-347372E23D17}
	EndGlobalSection
EndGlobal
